
Microsoft Visual Studio Solution File, Format Version 12.00
# Visual Studio 15
VisualStudioVersion = 15.0.28307.438
MinimumVisualStudioVersion = 10.0.40219.1
Project("{FAE04EC0-301F-11D3-BF4B-00C04F79EFBC}") = "AppContatos.Android", "AppContatos\AppContatos.Android\AppContatos.Android.csproj", "{A6AA5754-2960-4122-8D69-82908B1E662C}"
EndProject
Project("{FAE04EC0-301F-11D3-BF4B-00C04F79EFBC}") = "AppContatos.iOS", "AppContatos\AppContatos.iOS\AppContatos.iOS.csproj", "{021B25CD-A995-4413-8963-19ACF4EBA88F}"
EndProject
Project("{FAE04EC0-301F-11D3-BF4B-00C04F79EFBC}") = "AppContatos", "AppContatos\AppContatos\AppContatos.csproj", "{75237D9D-AAA3-4EC5-A962-06002FF3A7E1}"
EndProject
Global
	GlobalSection(SolutionConfigurationPlatforms) = preSolution
		Ad-Hoc|Any CPU = Ad-Hoc|Any CPU
		Ad-Hoc|iPhone = Ad-Hoc|iPhone
		Ad-Hoc|iPhoneSimulator = Ad-Hoc|iPhoneSimulator
		AppStore|Any CPU = AppStore|Any CPU
		AppStore|iPhone = AppStore|iPhone
		AppStore|iPhoneSimulator = AppStore|iPhoneSimulator
		Debug|Any CPU = Debug|Any CPU
		Debug|iPhone = Debug|iPhone
		Debug|iPhoneSimulator = Debug|iPhoneSimulator
		Release|Any CPU = Release|Any CPU
		Release|iPhone = Release|iPhone
		Release|iPhoneSimulator = Release|iPhoneSimulator
	EndGlobalSection
	GlobalSection(ProjectConfigurationPlatforms) = postSolution
		{A6AA5754-2960-4122-8D69-82908B1E662C}.Ad-Hoc|Any CPU.ActiveCfg = Release|Any CPU
		{A6AA5754-2960-4122-8D69-82908B1E662C}.Ad-Hoc|Any CPU.Build.0 = Release|Any CPU
		{A6AA5754-2960-4122-8D69-82908B1E662C}.Ad-Hoc|Any CPU.Deploy.0 = Release|Any CPU
		{A6AA5754-2960-4122-8D69-82908B1E662C}.Ad-Hoc|iPhone.ActiveCfg = Release|Any CPU
		{A6AA5754-2960-4122-8D69-82908B1E662C}.Ad-Hoc|iPhone.Build.0 = Release|Any CPU
		{A6AA5754-2960-4122-8D69-82908B1E662C}.Ad-Hoc|iPhone.Deploy.0 = Release|Any CPU
		{A6AA5754-2960-4122-8D69-82908B1E662C}.Ad-Hoc|iPhoneSimulator.ActiveCfg = Release|Any CPU
		{A6AA5754-2960-4122-8D69-82908B1E662C}.Ad-Hoc|iPhoneSimulator.Build.0 = Release|Any CPU
		{A6AA5754-2960-4122-8D69-82908B1E662C}.Ad-Hoc|iPhoneSimulator.Deploy.0 = Release|Any CPU
		{A6AA5754-2960-4122-8D69-82908B1E662C}.AppStore|Any CPU.ActiveCfg = Release|Any CPU
		{A6AA5754-2960-4122-8D69-82908B1E662C}.AppStore|Any CPU.Build.0 = Release|Any CPU
		{A6AA5754-2960-4122-8D69-82908B1E662C}.AppStore|Any CPU.Deploy.0 = Release|Any CPU
		{A6AA5754-2960-4122-8D69-82908B1E662C}.AppStore|iPhone.ActiveCfg = Release|Any CPU
		{A6AA5754-2960-4122-8D69-82908B1E662C}.AppStore|iPhone.Build.0 = Release|Any CPU
		{A6AA5754-2960-4122-8D69-82908B1E662C}.AppStore|iPhone.Deploy.0 = Release|Any CPU
		{A6AA5754-2960-4122-8D69-82908B1E662C}.AppStore|iPhoneSimulator.ActiveCfg = Release|Any CPU
		{A6AA5754-2960-4122-8D69-82908B1E662C}.AppStore|iPhoneSimulator.Build.0 = Release|Any CPU
		{A6AA5754-2960-4122-8D69-82908B1E662C}.AppStore|iPhoneSimulator.Deploy.0 = Release|Any CPU
		{A6AA5754-2960-4122-8D69-82908B1E662C}.Debug|Any CPU.ActiveCfg = Debug|Any CPU
		{A6AA5754-2960-4122-8D69-82908B1E662C}.Debug|Any CPU.Build.0 = Debug|Any CPU
		{A6AA5754-2960-4122-8D69-82908B1E662C}.Debug|Any CPU.Deploy.0 = Debug|Any CPU
		{A6AA5754-2960-4122-8D69-82908B1E662C}.Debug|iPhone.ActiveCfg = Debug|Any CPU
		{A6AA5754-2960-4122-8D69-82908B1E662C}.Debug|iPhone.Build.0 = Debug|Any CPU
		{A6AA5754-2960-4122-8D69-82908B1E662C}.Debug|iPhone.Deploy.0 = Debug|Any CPU
		{A6AA5754-2960-4122-8D69-82908B1E662C}.Debug|iPhoneSimulator.ActiveCfg = Debug|Any CPU
		{A6AA5754-2960-4122-8D69-82908B1E662C}.Debug|iPhoneSimulator.Build.0 = Debug|Any CPU
		{A6AA5754-2960-4122-8D69-82908B1E662C}.Debug|iPhoneSimulator.Deploy.0 = Debug|Any CPU
		{A6AA5754-2960-4122-8D69-82908B1E662C}.Release|Any CPU.ActiveCfg = Release|Any CPU
		{A6AA5754-2960-4122-8D69-82908B1E662C}.Release|Any CPU.Build.0 = Release|Any CPU
		{A6AA5754-2960-4122-8D69-82908B1E662C}.Release|Any CPU.Deploy.0 = Release|Any CPU
		{A6AA5754-2960-4122-8D69-82908B1E662C}.Release|iPhone.ActiveCfg = Release|Any CPU
		{A6AA5754-2960-4122-8D69-82908B1E662C}.Release|iPhone.Build.0 = Release|Any CPU
		{A6AA5754-2960-4122-8D69-82908B1E662C}.Release|iPhone.Deploy.0 = Release|Any CPU
		{A6AA5754-2960-4122-8D69-82908B1E662C}.Release|iPhoneSimulator.ActiveCfg = Release|Any CPU
		{A6AA5754-2960-4122-8D69-82908B1E662C}.Release|iPhoneSimulator.Build.0 = Release|Any CPU
		{A6AA5754-2960-4122-8D69-82908B1E662C}.Release|iPhoneSimulator.Deploy.0 = Release|Any CPU
		{021B25CD-A995-4413-8963-19ACF4EBA88F}.Ad-Hoc|Any CPU.ActiveCfg = Ad-Hoc|iPhone
		{021B25CD-A995-4413-8963-19ACF4EBA88F}.Ad-Hoc|Any CPU.Build.0 = Ad-Hoc|iPhone
		{021B25CD-A995-4413-8963-19ACF4EBA88F}.Ad-Hoc|Any CPU.Deploy.0 = Ad-Hoc|iPhone
		{021B25CD-A995-4413-8963-19ACF4EBA88F}.Ad-Hoc|iPhone.ActiveCfg = Ad-Hoc|iPhone
		{021B25CD-A995-4413-8963-19ACF4EBA88F}.Ad-Hoc|iPhone.Build.0 = Ad-Hoc|iPhone
		{021B25CD-A995-4413-8963-19ACF4EBA88F}.Ad-Hoc|iPhone.Deploy.0 = Ad-Hoc|iPhone
		{021B25CD-A995-4413-8963-19ACF4EBA88F}.Ad-Hoc|iPhoneSimulator.ActiveCfg = Ad-Hoc|iPhoneSimulator
		{021B25CD-A995-4413-8963-19ACF4EBA88F}.Ad-Hoc|iPhoneSimulator.Build.0 = Ad-Hoc|iPhoneSimulator
		{021B25CD-A995-4413-8963-19ACF4EBA88F}.Ad-Hoc|iPhoneSimulator.Deploy.0 = Ad-Hoc|iPhoneSimulator
		{021B25CD-A995-4413-8963-19ACF4EBA88F}.AppStore|Any CPU.ActiveCfg = AppStore|iPhone
		{021B25CD-A995-4413-8963-19ACF4EBA88F}.AppStore|Any CPU.Build.0 = AppStore|iPhone
		{021B25CD-A995-4413-8963-19ACF4EBA88F}.AppStore|Any CPU.Deploy.0 = AppStore|iPhone
		{021B25CD-A995-4413-8963-19ACF4EBA88F}.AppStore|iPhone.ActiveCfg = AppStore|iPhone
		{021B25CD-A995-4413-8963-19ACF4EBA88F}.AppStore|iPhone.Build.0 = AppStore|iPhone
		{021B25CD-A995-4413-8963-19ACF4EBA88F}.AppStore|iPhone.Deploy.0 = AppStore|iPhone
		{021B25CD-A995-4413-8963-19ACF4EBA88F}.AppStore|iPhoneSimulator.ActiveCfg = AppStore|iPhoneSimulator
		{021B25CD-A995-4413-8963-19ACF4EBA88F}.AppStore|iPhoneSimulator.Build.0 = AppStore|iPhoneSimulator
		{021B25CD-A995-4413-8963-19ACF4EBA88F}.AppStore|iPhoneSimulator.Deploy.0 = AppStore|iPhoneSimulator
		{021B25CD-A995-4413-8963-19ACF4EBA88F}.Debug|Any CPU.ActiveCfg = Debug|iPhoneSimulator
		{021B25CD-A995-4413-8963-19ACF4EBA88F}.Debug|Any CPU.Build.0 = Debug|iPhoneSimulator
		{021B25CD-A995-4413-8963-19ACF4EBA88F}.Debug|Any CPU.Deploy.0 = Debug|iPhoneSimulator
		{021B25CD-A995-4413-8963-19ACF4EBA88F}.Debug|iPhone.ActiveCfg = Debug|iPhone
		{021B25CD-A995-4413-8963-19ACF4EBA88F}.Debug|iPhone.Build.0 = Debug|iPhone
		{021B25CD-A995-4413-8963-19ACF4EBA88F}.Debug|iPhone.Deploy.0 = Debug|iPhone
		{021B25CD-A995-4413-8963-19ACF4EBA88F}.Debug|iPhoneSimulator.ActiveCfg = Debug|iPhoneSimulator
		{021B25CD-A995-4413-8963-19ACF4EBA88F}.Debug|iPhoneSimulator.Build.0 = Debug|iPhoneSimulator
		{021B25CD-A995-4413-8963-19ACF4EBA88F}.Debug|iPhoneSimulator.Deploy.0 = Debug|iPhoneSimulator
		{021B25CD-A995-4413-8963-19ACF4EBA88F}.Release|Any CPU.ActiveCfg = Release|iPhone
		{021B25CD-A995-4413-8963-19ACF4EBA88F}.Release|Any CPU.Build.0 = Release|iPhone
		{021B25CD-A995-4413-8963-19ACF4EBA88F}.Release|Any CPU.Deploy.0 = Release|iPhone
		{021B25CD-A995-4413-8963-19ACF4EBA88F}.Release|iPhone.ActiveCfg = Release|iPhone
		{021B25CD-A995-4413-8963-19ACF4EBA88F}.Release|iPhone.Build.0 = Release|iPhone
		{021B25CD-A995-4413-8963-19ACF4EBA88F}.Release|iPhone.Deploy.0 = Release|iPhone
		{021B25CD-A995-4413-8963-19ACF4EBA88F}.Release|iPhoneSimulator.ActiveCfg = Release|iPhoneSimulator
		{021B25CD-A995-4413-8963-19ACF4EBA88F}.Release|iPhoneSimulator.Build.0 = Release|iPhoneSimulator
		{021B25CD-A995-4413-8963-19ACF4EBA88F}.Release|iPhoneSimulator.Deploy.0 = Release|iPhoneSimulator
		{75237D9D-AAA3-4EC5-A962-06002FF3A7E1}.Ad-Hoc|Any CPU.ActiveCfg = Debug|Any CPU
		{75237D9D-AAA3-4EC5-A962-06002FF3A7E1}.Ad-Hoc|Any CPU.Build.0 = Debug|Any CPU
		{75237D9D-AAA3-4EC5-A962-06002FF3A7E1}.Ad-Hoc|Any CPU.Deploy.0 = Debug|Any CPU
		{75237D9D-AAA3-4EC5-A962-06002FF3A7E1}.Ad-Hoc|iPhone.ActiveCfg = Debug|Any CPU
		{75237D9D-AAA3-4EC5-A962-06002FF3A7E1}.Ad-Hoc|iPhone.Build.0 = Debug|Any CPU
		{75237D9D-AAA3-4EC5-A962-06002FF3A7E1}.Ad-Hoc|iPhone.Deploy.0 = Debug|Any CPU
		{75237D9D-AAA3-4EC5-A962-06002FF3A7E1}.Ad-Hoc|iPhoneSimulator.ActiveCfg = Debug|Any CPU
		{75237D9D-AAA3-4EC5-A962-06002FF3A7E1}.Ad-Hoc|iPhoneSimulator.Build.0 = Debug|Any CPU
		{75237D9D-AAA3-4EC5-A962-06002FF3A7E1}.Ad-Hoc|iPhoneSimulator.Deploy.0 = Debug|Any CPU
		{75237D9D-AAA3-4EC5-A962-06002FF3A7E1}.AppStore|Any CPU.ActiveCfg = Debug|Any CPU
		{75237D9D-AAA3-4EC5-A962-06002FF3A7E1}.AppStore|Any CPU.Build.0 = Debug|Any CPU
		{75237D9D-AAA3-4EC5-A962-06002FF3A7E1}.AppStore|Any CPU.Deploy.0 = Debug|Any CPU
		{75237D9D-AAA3-4EC5-A962-06002FF3A7E1}.AppStore|iPhone.ActiveCfg = Debug|Any CPU
		{75237D9D-AAA3-4EC5-A962-06002FF3A7E1}.AppStore|iPhone.Build.0 = Debug|Any CPU
		{75237D9D-AAA3-4EC5-A962-06002FF3A7E1}.AppStore|iPhone.Deploy.0 = Debug|Any CPU
		{75237D9D-AAA3-4EC5-A962-06002FF3A7E1}.AppStore|iPhoneSimulator.ActiveCfg = Debug|Any CPU
		{75237D9D-AAA3-4EC5-A962-06002FF3A7E1}.AppStore|iPhoneSimulator.Build.0 = Debug|Any CPU
		{75237D9D-AAA3-4EC5-A962-06002FF3A7E1}.AppStore|iPhoneSimulator.Deploy.0 = Debug|Any CPU
		{75237D9D-AAA3-4EC5-A962-06002FF3A7E1}.Debug|Any CPU.ActiveCfg = Debug|Any CPU
		{75237D9D-AAA3-4EC5-A962-06002FF3A7E1}.Debug|Any CPU.Build.0 = Debug|Any CPU
		{75237D9D-AAA3-4EC5-A962-06002FF3A7E1}.Debug|Any CPU.Deploy.0 = Debug|Any CPU
		{75237D9D-AAA3-4EC5-A962-06002FF3A7E1}.Debug|iPhone.ActiveCfg = Debug|Any CPU
		{75237D9D-AAA3-4EC5-A962-06002FF3A7E1}.Debug|iPhone.Build.0 = Debug|Any CPU
		{75237D9D-AAA3-4EC5-A962-06002FF3A7E1}.Debug|iPhone.Deploy.0 = Debug|Any CPU
		{75237D9D-AAA3-4EC5-A962-06002FF3A7E1}.Debug|iPhoneSimulator.ActiveCfg = Debug|Any CPU
		{75237D9D-AAA3-4EC5-A962-06002FF3A7E1}.Debug|iPhoneSimulator.Build.0 = Debug|Any CPU
		{75237D9D-AAA3-4EC5-A962-06002FF3A7E1}.Debug|iPhoneSimulator.Deploy.0 = Debug|Any CPU
		{75237D9D-AAA3-4EC5-A962-06002FF3A7E1}.Release|Any CPU.ActiveCfg = Release|Any CPU
		{75237D9D-AAA3-4EC5-A962-06002FF3A7E1}.Release|Any CPU.Build.0 = Release|Any CPU
		{75237D9D-AAA3-4EC5-A962-06002FF3A7E1}.Release|Any CPU.Deploy.0 = Release|Any CPU
		{75237D9D-AAA3-4EC5-A962-06002FF3A7E1}.Release|iPhone.ActiveCfg = Release|Any CPU
		{75237D9D-AAA3-4EC5-A962-06002FF3A7E1}.Release|iPhone.Build.0 = Release|Any CPU
		{75237D9D-AAA3-4EC5-A962-06002FF3A7E1}.Release|iPhone.Deploy.0 = Release|Any CPU
		{75237D9D-AAA3-4EC5-A962-06002FF3A7E1}.Release|iPhoneSimulator.ActiveCfg = Release|Any CPU
		{75237D9D-AAA3-4EC5-A962-06002FF3A7E1}.Release|iPhoneSimulator.Build.0 = Release|Any CPU
		{75237D9D-AAA3-4EC5-A962-06002FF3A7E1}.Release|iPhoneSimulator.Deploy.0 = Release|Any CPU
	EndGlobalSection
	GlobalSection(SolutionProperties) = preSolution
		HideSolutionNode = FALSE
	EndGlobalSection
	GlobalSection(ExtensibilityGlobals) = postSolution
		SolutionGuid = {3BD64252-7088-48F4-96A6-4C446C4B776C}
	EndGlobalSection
EndGlobal
